
Microsoft Visual Studio Solution File, Format Version 12.00
# Visual Studio 14
VisualStudioVersion = 14.0.25420.1
MinimumVisualStudioVersion = 10.0.40219.1
Project("{FAE04EC0-301F-11D3-BF4B-00C04F79EFBC}") = "FPSHelp", "FPSHelp\FPSHelp.csproj", "{FA2417AA-3B32-4EC5-82A8-C653900EF93D}"
EndProject
Project("{FAE04EC0-301F-11D3-BF4B-00C04F79EFBC}") = "FPSHelp注册机", "FPSHelp注册机\FPSHelp注册机.csproj", "{CFAF3514-FDFC-4CFF-8158-4F7987FFAE0C}"
EndProject
Global
	GlobalSection(SolutionConfigurationPlatforms) = preSolution
		Debug|Any CPU = Debug|Any CPU
		Release|Any CPU = Release|Any CPU
	EndGlobalSection
	GlobalSection(ProjectConfigurationPlatforms) = postSolution
		{FA2417AA-3B32-4EC5-82A8-C653900EF93D}.Debug|Any CPU.ActiveCfg = Debug|Any CPU
		{FA2417AA-3B32-4EC5-82A8-C653900EF93D}.Debug|Any CPU.Build.0 = Debug|Any CPU
		{FA2417AA-3B32-4EC5-82A8-C653900EF93D}.Release|Any CPU.ActiveCfg = Release|Any CPU
		{FA2417AA-3B32-4EC5-82A8-C653900EF93D}.Release|Any CPU.Build.0 = Release|Any CPU
		{CFAF3514-FDFC-4CFF-8158-4F7987FFAE0C}.Debug|Any CPU.ActiveCfg = Debug|Any CPU
		{CFAF3514-FDFC-4CFF-8158-4F7987FFAE0C}.Debug|Any CPU.Build.0 = Debug|Any CPU
		{CFAF3514-FDFC-4CFF-8158-4F7987FFAE0C}.Release|Any CPU.ActiveCfg = Release|Any CPU
		{CFAF3514-FDFC-4CFF-8158-4F7987FFAE0C}.Release|Any CPU.Build.0 = Release|Any CPU
	EndGlobalSection
	GlobalSection(SolutionProperties) = preSolution
		HideSolutionNode = FALSE
	EndGlobalSection
EndGlobal
